
Microsoft Visual Studio Solution File, Format Version 12.00
# Visual Studio Version 16
VisualStudioVersion = 16.0.31624.102
MinimumVisualStudioVersion = 10.0.40219.1
Project("{FAE04EC0-301F-11D3-BF4B-00C04F79EFBC}") = "App1.UWP", "App1\App1.UWP\App1.UWP.csproj", "{93CAFDE8-E7B1-4592-BF56-C88CF83786BB}"
EndProject
Project("{FAE04EC0-301F-11D3-BF4B-00C04F79EFBC}") = "App1.Android", "App1\App1.Android\App1.Android.csproj", "{AFCF43B4-DDE3-470A-8EEA-B7A89B7ED900}"
EndProject
Project("{FAE04EC0-301F-11D3-BF4B-00C04F79EFBC}") = "App1.iOS", "App1\App1.iOS\App1.iOS.csproj", "{26AF2430-655B-47EE-BDD5-A9655262A38C}"
EndProject
Project("{FAE04EC0-301F-11D3-BF4B-00C04F79EFBC}") = "App1", "App1\App1\App1.csproj", "{F494F6E4-7DCD-40F1-95CA-1C80D73E01B3}"
EndProject
Global
	GlobalSection(SolutionConfigurationPlatforms) = preSolution
		Debug|Any CPU = Debug|Any CPU
		Debug|ARM = Debug|ARM
		Debug|iPhone = Debug|iPhone
		Debug|iPhoneSimulator = Debug|iPhoneSimulator
		Debug|x64 = Debug|x64
		Debug|x86 = Debug|x86
		Release|Any CPU = Release|Any CPU
		Release|ARM = Release|ARM
		Release|iPhone = Release|iPhone
		Release|iPhoneSimulator = Release|iPhoneSimulator
		Release|x64 = Release|x64
		Release|x86 = Release|x86
	EndGlobalSection
	GlobalSection(ProjectConfigurationPlatforms) = postSolution
		{93CAFDE8-E7B1-4592-BF56-C88CF83786BB}.Debug|Any CPU.ActiveCfg = Debug|x86
		{93CAFDE8-E7B1-4592-BF56-C88CF83786BB}.Debug|Any CPU.Build.0 = Debug|x86
		{93CAFDE8-E7B1-4592-BF56-C88CF83786BB}.Debug|Any CPU.Deploy.0 = Debug|x86
		{93CAFDE8-E7B1-4592-BF56-C88CF83786BB}.Debug|ARM.ActiveCfg = Debug|ARM
		{93CAFDE8-E7B1-4592-BF56-C88CF83786BB}.Debug|ARM.Build.0 = Debug|ARM
		{93CAFDE8-E7B1-4592-BF56-C88CF83786BB}.Debug|ARM.Deploy.0 = Debug|ARM
		{93CAFDE8-E7B1-4592-BF56-C88CF83786BB}.Debug|iPhone.ActiveCfg = Debug|x86
		{93CAFDE8-E7B1-4592-BF56-C88CF83786BB}.Debug|iPhone.Build.0 = Debug|x86
		{93CAFDE8-E7B1-4592-BF56-C88CF83786BB}.Debug|iPhone.Deploy.0 = Debug|x86
		{93CAFDE8-E7B1-4592-BF56-C88CF83786BB}.Debug|iPhoneSimulator.ActiveCfg = Debug|x86
		{93CAFDE8-E7B1-4592-BF56-C88CF83786BB}.Debug|iPhoneSimulator.Build.0 = Debug|x86
		{93CAFDE8-E7B1-4592-BF56-C88CF83786BB}.Debug|iPhoneSimulator.Deploy.0 = Debug|x86
		{93CAFDE8-E7B1-4592-BF56-C88CF83786BB}.Debug|x64.ActiveCfg = Debug|x64
		{93CAFDE8-E7B1-4592-BF56-C88CF83786BB}.Debug|x64.Build.0 = Debug|x64
		{93CAFDE8-E7B1-4592-BF56-C88CF83786BB}.Debug|x64.Deploy.0 = Debug|x64
		{93CAFDE8-E7B1-4592-BF56-C88CF83786BB}.Debug|x86.ActiveCfg = Debug|x86
		{93CAFDE8-E7B1-4592-BF56-C88CF83786BB}.Debug|x86.Build.0 = Debug|x86
		{93CAFDE8-E7B1-4592-BF56-C88CF83786BB}.Debug|x86.Deploy.0 = Debug|x86
		{93CAFDE8-E7B1-4592-BF56-C88CF83786BB}.Release|Any CPU.ActiveCfg = Release|x86
		{93CAFDE8-E7B1-4592-BF56-C88CF83786BB}.Release|Any CPU.Build.0 = Release|x86
		{93CAFDE8-E7B1-4592-BF56-C88CF83786BB}.Release|Any CPU.Deploy.0 = Release|x86
		{93CAFDE8-E7B1-4592-BF56-C88CF83786BB}.Release|ARM.ActiveCfg = Release|ARM
		{93CAFDE8-E7B1-4592-BF56-C88CF83786BB}.Release|ARM.Build.0 = Release|ARM
		{93CAFDE8-E7B1-4592-BF56-C88CF83786BB}.Release|ARM.Deploy.0 = Release|ARM
		{93CAFDE8-E7B1-4592-BF56-C88CF83786BB}.Release|iPhone.ActiveCfg = Release|x86
		{93CAFDE8-E7B1-4592-BF56-C88CF83786BB}.Release|iPhone.Build.0 = Release|x86
		{93CAFDE8-E7B1-4592-BF56-C88CF83786BB}.Release|iPhone.Deploy.0 = Release|x86
		{93CAFDE8-E7B1-4592-BF56-C88CF83786BB}.Release|iPhoneSimulator.ActiveCfg = Release|x86
		{93CAFDE8-E7B1-4592-BF56-C88CF83786BB}.Release|iPhoneSimulator.Build.0 = Release|x86
		{93CAFDE8-E7B1-4592-BF56-C88CF83786BB}.Release|iPhoneSimulator.Deploy.0 = Release|x86
		{93CAFDE8-E7B1-4592-BF56-C88CF83786BB}.Release|x64.ActiveCfg = Release|x64
		{93CAFDE8-E7B1-4592-BF56-C88CF83786BB}.Release|x64.Build.0 = Release|x64
		{93CAFDE8-E7B1-4592-BF56-C88CF83786BB}.Release|x64.Deploy.0 = Release|x64
		{93CAFDE8-E7B1-4592-BF56-C88CF83786BB}.Release|x86.ActiveCfg = Release|x86
		{93CAFDE8-E7B1-4592-BF56-C88CF83786BB}.Release|x86.Build.0 = Release|x86
		{93CAFDE8-E7B1-4592-BF56-C88CF83786BB}.Release|x86.Deploy.0 = Release|x86
		{AFCF43B4-DDE3-470A-8EEA-B7A89B7ED900}.Debug|Any CPU.ActiveCfg = Debug|Any CPU
		{AFCF43B4-DDE3-470A-8EEA-B7A89B7ED900}.Debug|Any CPU.Build.0 = Debug|Any CPU
		{AFCF43B4-DDE3-470A-8EEA-B7A89B7ED900}.Debug|Any CPU.Deploy.0 = Debug|Any CPU
		{AFCF43B4-DDE3-470A-8EEA-B7A89B7ED900}.Debug|ARM.ActiveCfg = Debug|Any CPU
		{AFCF43B4-DDE3-470A-8EEA-B7A89B7ED900}.Debug|ARM.Build.0 = Debug|Any CPU
		{AFCF43B4-DDE3-470A-8EEA-B7A89B7ED900}.Debug|ARM.Deploy.0 = Debug|Any CPU
		{AFCF43B4-DDE3-470A-8EEA-B7A89B7ED900}.Debug|iPhone.ActiveCfg = Debug|Any CPU
		{AFCF43B4-DDE3-470A-8EEA-B7A89B7ED900}.Debug|iPhone.Build.0 = Debug|Any CPU
		{AFCF43B4-DDE3-470A-8EEA-B7A89B7ED900}.Debug|iPhone.Deploy.0 = Debug|Any CPU
		{AFCF43B4-DDE3-470A-8EEA-B7A89B7ED900}.Debug|iPhoneSimulator.ActiveCfg = Debug|Any CPU
		{AFCF43B4-DDE3-470A-8EEA-B7A89B7ED900}.Debug|iPhoneSimulator.Build.0 = Debug|Any CPU
		{AFCF43B4-DDE3-470A-8EEA-B7A89B7ED900}.Debug|iPhoneSimulator.Deploy.0 = Debug|Any CPU
		{AFCF43B4-DDE3-470A-8EEA-B7A89B7ED900}.Debug|x64.ActiveCfg = Debug|Any CPU
		{AFCF43B4-DDE3-470A-8EEA-B7A89B7ED900}.Debug|x64.Build.0 = Debug|Any CPU
		{AFCF43B4-DDE3-470A-8EEA-B7A89B7ED900}.Debug|x64.Deploy.0 = Debug|Any CPU
		{AFCF43B4-DDE3-470A-8EEA-B7A89B7ED900}.Debug|x86.ActiveCfg = Debug|Any CPU
		{AFCF43B4-DDE3-470A-8EEA-B7A89B7ED900}.Debug|x86.Build.0 = Debug|Any CPU
		{AFCF43B4-DDE3-470A-8EEA-B7A89B7ED900}.Debug|x86.Deploy.0 = Debug|Any CPU
		{AFCF43B4-DDE3-470A-8EEA-B7A89B7ED900}.Release|Any CPU.ActiveCfg = Release|Any CPU
		{AFCF43B4-DDE3-470A-8EEA-B7A89B7ED900}.Release|Any CPU.Build.0 = Release|Any CPU
		{AFCF43B4-DDE3-470A-8EEA-B7A89B7ED900}.Release|Any CPU.Deploy.0 = Release|Any CPU
		{AFCF43B4-DDE3-470A-8EEA-B7A89B7ED900}.Release|ARM.ActiveCfg = Release|Any CPU
		{AFCF43B4-DDE3-470A-8EEA-B7A89B7ED900}.Release|ARM.Build.0 = Release|Any CPU
		{AFCF43B4-DDE3-470A-8EEA-B7A89B7ED900}.Release|ARM.Deploy.0 = Release|Any CPU
		{AFCF43B4-DDE3-470A-8EEA-B7A89B7ED900}.Release|iPhone.ActiveCfg = Release|Any CPU
		{AFCF43B4-DDE3-470A-8EEA-B7A89B7ED900}.Release|iPhone.Build.0 = Release|Any CPU
		{AFCF43B4-DDE3-470A-8EEA-B7A89B7ED900}.Release|iPhone.Deploy.0 = Release|Any CPU
		{AFCF43B4-DDE3-470A-8EEA-B7A89B7ED900}.Release|iPhoneSimulator.ActiveCfg = Release|Any CPU
		{AFCF43B4-DDE3-470A-8EEA-B7A89B7ED900}.Release|iPhoneSimulator.Build.0 = Release|Any CPU
		{AFCF43B4-DDE3-470A-8EEA-B7A89B7ED900}.Release|iPhoneSimulator.Deploy.0 = Release|Any CPU
		{AFCF43B4-DDE3-470A-8EEA-B7A89B7ED900}.Release|x64.ActiveCfg = Release|Any CPU
		{AFCF43B4-DDE3-470A-8EEA-B7A89B7ED900}.Release|x64.Build.0 = Release|Any CPU
		{AFCF43B4-DDE3-470A-8EEA-B7A89B7ED900}.Release|x64.Deploy.0 = Release|Any CPU
		{AFCF43B4-DDE3-470A-8EEA-B7A89B7ED900}.Release|x86.ActiveCfg = Release|Any CPU
		{AFCF43B4-DDE3-470A-8EEA-B7A89B7ED900}.Release|x86.Build.0 = Release|Any CPU
		{AFCF43B4-DDE3-470A-8EEA-B7A89B7ED900}.Release|x86.Deploy.0 = Release|Any CPU
		{26AF2430-655B-47EE-BDD5-A9655262A38C}.Debug|Any CPU.ActiveCfg = Debug|iPhoneSimulator
		{26AF2430-655B-47EE-BDD5-A9655262A38C}.Debug|Any CPU.Build.0 = Debug|iPhoneSimulator
		{26AF2430-655B-47EE-BDD5-A9655262A38C}.Debug|Any CPU.Deploy.0 = Debug|iPhoneSimulator
		{26AF2430-655B-47EE-BDD5-A9655262A38C}.Debug|ARM.ActiveCfg = Debug|iPhone
		{26AF2430-655B-47EE-BDD5-A9655262A38C}.Debug|ARM.Build.0 = Debug|iPhone
		{26AF2430-655B-47EE-BDD5-A9655262A38C}.Debug|ARM.Deploy.0 = Debug|iPhone
		{26AF2430-655B-47EE-BDD5-A9655262A38C}.Debug|iPhone.ActiveCfg = Debug|iPhone
		{26AF2430-655B-47EE-BDD5-A9655262A38C}.Debug|iPhone.Build.0 = Debug|iPhone
		{26AF2430-655B-47EE-BDD5-A9655262A38C}.Debug|iPhone.Deploy.0 = Debug|iPhone
		{26AF2430-655B-47EE-BDD5-A9655262A38C}.Debug|iPhoneSimulator.ActiveCfg = Debug|iPhoneSimulator
		{26AF2430-655B-47EE-BDD5-A9655262A38C}.Debug|iPhoneSimulator.Build.0 = Debug|iPhoneSimulator
		{26AF2430-655B-47EE-BDD5-A9655262A38C}.Debug|iPhoneSimulator.Deploy.0 = Debug|iPhoneSimulator
		{26AF2430-655B-47EE-BDD5-A9655262A38C}.Debug|x64.ActiveCfg = Debug|iPhoneSimulator
		{26AF2430-655B-47EE-BDD5-A9655262A38C}.Debug|x64.Build.0 = Debug|iPhoneSimulator
		{26AF2430-655B-47EE-BDD5-A9655262A38C}.Debug|x64.Deploy.0 = Debug|iPhoneSimulator
		{26AF2430-655B-47EE-BDD5-A9655262A38C}.Debug|x86.ActiveCfg = Debug|iPhoneSimulator
		{26AF2430-655B-47EE-BDD5-A9655262A38C}.Debug|x86.Build.0 = Debug|iPhoneSimulator
		{26AF2430-655B-47EE-BDD5-A9655262A38C}.Debug|x86.Deploy.0 = Debug|iPhoneSimulator
		{26AF2430-655B-47EE-BDD5-A9655262A38C}.Release|Any CPU.ActiveCfg = Release|iPhoneSimulator
		{26AF2430-655B-47EE-BDD5-A9655262A38C}.Release|Any CPU.Build.0 = Release|iPhoneSimulator
		{26AF2430-655B-47EE-BDD5-A9655262A38C}.Release|Any CPU.Deploy.0 = Release|iPhoneSimulator
		{26AF2430-655B-47EE-BDD5-A9655262A38C}.Release|ARM.ActiveCfg = Release|iPhoneSimulator
		{26AF2430-655B-47EE-BDD5-A9655262A38C}.Release|ARM.Build.0 = Release|iPhoneSimulator
		{26AF2430-655B-47EE-BDD5-A9655262A38C}.Release|ARM.Deploy.0 = Release|iPhoneSimulator
		{26AF2430-655B-47EE-BDD5-A9655262A38C}.Release|iPhone.ActiveCfg = Release|iPhone
		{26AF2430-655B-47EE-BDD5-A9655262A38C}.Release|iPhone.Build.0 = Release|iPhone
		{26AF2430-655B-47EE-BDD5-A9655262A38C}.Release|iPhone.Deploy.0 = Release|iPhone
		{26AF2430-655B-47EE-BDD5-A9655262A38C}.Release|iPhoneSimulator.ActiveCfg = Release|iPhoneSimulator
		{26AF2430-655B-47EE-BDD5-A9655262A38C}.Release|iPhoneSimulator.Build.0 = Release|iPhoneSimulator
		{26AF2430-655B-47EE-BDD5-A9655262A38C}.Release|iPhoneSimulator.Deploy.0 = Release|iPhoneSimulator
		{26AF2430-655B-47EE-BDD5-A9655262A38C}.Release|x64.ActiveCfg = Release|iPhoneSimulator
		{26AF2430-655B-47EE-BDD5-A9655262A38C}.Release|x64.Build.0 = Release|iPhoneSimulator
		{26AF2430-655B-47EE-BDD5-A9655262A38C}.Release|x64.Deploy.0 = Release|iPhoneSimulator
		{26AF2430-655B-47EE-BDD5-A9655262A38C}.Release|x86.ActiveCfg = Release|iPhoneSimulator
		{26AF2430-655B-47EE-BDD5-A9655262A38C}.Release|x86.Build.0 = Release|iPhoneSimulator
		{26AF2430-655B-47EE-BDD5-A9655262A38C}.Release|x86.Deploy.0 = Release|iPhoneSimulator
		{F494F6E4-7DCD-40F1-95CA-1C80D73E01B3}.Debug|Any CPU.ActiveCfg = Debug|Any CPU
		{F494F6E4-7DCD-40F1-95CA-1C80D73E01B3}.Debug|Any CPU.Build.0 = Debug|Any CPU
		{F494F6E4-7DCD-40F1-95CA-1C80D73E01B3}.Debug|Any CPU.Deploy.0 = Debug|Any CPU
		{F494F6E4-7DCD-40F1-95CA-1C80D73E01B3}.Debug|ARM.ActiveCfg = Debug|Any CPU
		{F494F6E4-7DCD-40F1-95CA-1C80D73E01B3}.Debug|ARM.Build.0 = Debug|Any CPU
		{F494F6E4-7DCD-40F1-95CA-1C80D73E01B3}.Debug|ARM.Deploy.0 = Debug|Any CPU
		{F494F6E4-7DCD-40F1-95CA-1C80D73E01B3}.Debug|iPhone.ActiveCfg = Debug|Any CPU
		{F494F6E4-7DCD-40F1-95CA-1C80D73E01B3}.Debug|iPhone.Build.0 = Debug|Any CPU
		{F494F6E4-7DCD-40F1-95CA-1C80D73E01B3}.Debug|iPhone.Deploy.0 = Debug|Any CPU
		{F494F6E4-7DCD-40F1-95CA-1C80D73E01B3}.Debug|iPhoneSimulator.ActiveCfg = Debug|Any CPU
		{F494F6E4-7DCD-40F1-95CA-1C80D73E01B3}.Debug|iPhoneSimulator.Build.0 = Debug|Any CPU
		{F494F6E4-7DCD-40F1-95CA-1C80D73E01B3}.Debug|iPhoneSimulator.Deploy.0 = Debug|Any CPU
		{F494F6E4-7DCD-40F1-95CA-1C80D73E01B3}.Debug|x64.ActiveCfg = Debug|Any CPU
		{F494F6E4-7DCD-40F1-95CA-1C80D73E01B3}.Debug|x64.Build.0 = Debug|Any CPU
		{F494F6E4-7DCD-40F1-95CA-1C80D73E01B3}.Debug|x64.Deploy.0 = Debug|Any CPU
		{F494F6E4-7DCD-40F1-95CA-1C80D73E01B3}.Debug|x86.ActiveCfg = Debug|Any CPU
		{F494F6E4-7DCD-40F1-95CA-1C80D73E01B3}.Debug|x86.Build.0 = Debug|Any CPU
		{F494F6E4-7DCD-40F1-95CA-1C80D73E01B3}.Debug|x86.Deploy.0 = Debug|Any CPU
		{F494F6E4-7DCD-40F1-95CA-1C80D73E01B3}.Release|Any CPU.ActiveCfg = Release|Any CPU
		{F494F6E4-7DCD-40F1-95CA-1C80D73E01B3}.Release|Any CPU.Build.0 = Release|Any CPU
		{F494F6E4-7DCD-40F1-95CA-1C80D73E01B3}.Release|Any CPU.Deploy.0 = Release|Any CPU
		{F494F6E4-7DCD-40F1-95CA-1C80D73E01B3}.Release|ARM.ActiveCfg = Release|Any CPU
		{F494F6E4-7DCD-40F1-95CA-1C80D73E01B3}.Release|ARM.Build.0 = Release|Any CPU
		{F494F6E4-7DCD-40F1-95CA-1C80D73E01B3}.Release|ARM.Deploy.0 = Release|Any CPU
		{F494F6E4-7DCD-40F1-95CA-1C80D73E01B3}.Release|iPhone.ActiveCfg = Release|Any CPU
		{F494F6E4-7DCD-40F1-95CA-1C80D73E01B3}.Release|iPhone.Build.0 = Release|Any CPU
		{F494F6E4-7DCD-40F1-95CA-1C80D73E01B3}.Release|iPhone.Deploy.0 = Release|Any CPU
		{F494F6E4-7DCD-40F1-95CA-1C80D73E01B3}.Release|iPhoneSimulator.ActiveCfg = Release|Any CPU
		{F494F6E4-7DCD-40F1-95CA-1C80D73E01B3}.Release|iPhoneSimulator.Build.0 = Release|Any CPU
		{F494F6E4-7DCD-40F1-95CA-1C80D73E01B3}.Release|iPhoneSimulator.Deploy.0 = Release|Any CPU
		{F494F6E4-7DCD-40F1-95CA-1C80D73E01B3}.Release|x64.ActiveCfg = Release|Any CPU
		{F494F6E4-7DCD-40F1-95CA-1C80D73E01B3}.Release|x64.Build.0 = Release|Any CPU
		{F494F6E4-7DCD-40F1-95CA-1C80D73E01B3}.Release|x64.Deploy.0 = Release|Any CPU
		{F494F6E4-7DCD-40F1-95CA-1C80D73E01B3}.Release|x86.ActiveCfg = Release|Any CPU
		{F494F6E4-7DCD-40F1-95CA-1C80D73E01B3}.Release|x86.Build.0 = Release|Any CPU
		{F494F6E4-7DCD-40F1-95CA-1C80D73E01B3}.Release|x86.Deploy.0 = Release|Any CPU
	EndGlobalSection
	GlobalSection(SolutionProperties) = preSolution
		HideSolutionNode = FALSE
	EndGlobalSection
	GlobalSection(ExtensibilityGlobals) = postSolution
		SolutionGuid = {F03C8DBF-D5AF-47D5-A387-78CDABC97C8A}
	EndGlobalSection
EndGlobal
