
Microsoft Visual Studio Solution File, Format Version 12.00
# Visual Studio Version 16
VisualStudioVersion = 16.0.31624.102
MinimumVisualStudioVersion = 10.0.40219.1
Project("{FAE04EC0-301F-11D3-BF4B-00C04F79EFBC}") = "esoft", "esoft\esoft.csproj", "{BAFEF4D7-BFB0-4DCC-BAA8-F67458020722}"
EndProject
Global
	GlobalSection(SolutionConfigurationPlatforms) = preSolution
		Debug|Any CPU = Debug|Any CPU
		Release|Any CPU = Release|Any CPU
	EndGlobalSection
	GlobalSection(ProjectConfigurationPlatforms) = postSolution
		{BAFEF4D7-BFB0-4DCC-BAA8-F67458020722}.Debug|Any CPU.ActiveCfg = Debug|Any CPU
		{BAFEF4D7-BFB0-4DCC-BAA8-F67458020722}.Debug|Any CPU.Build.0 = Debug|Any CPU
		{BAFEF4D7-BFB0-4DCC-BAA8-F67458020722}.Release|Any CPU.ActiveCfg = Release|Any CPU
		{BAFEF4D7-BFB0-4DCC-BAA8-F67458020722}.Release|Any CPU.Build.0 = Release|Any CPU
	EndGlobalSection
	GlobalSection(SolutionProperties) = preSolution
		HideSolutionNode = FALSE
	EndGlobalSection
	GlobalSection(ExtensibilityGlobals) = postSolution
		SolutionGuid = {529E42DC-B5E6-4B78-BB05-63F1277B2200}
	EndGlobalSection
EndGlobal
